{
  "requires": true,
  "lockfileVersion": 1,
  "dependencies": {
    "bulma-extensions": {
      "version": "file:bulma-extensions"
    },
    "bulma-slider": {
      "version": "2.0.5",
      "resolved": "https://registry.npmjs.org/bulma-slider/-/bulma-slider-2.0.5.tgz",
      "integrity": "sha512-6woD/1E7q1o5bfEaQjNqpWZaCItC1oHe9bN15WYB2ELqz2gDaJYZkf+rlozGpAYOXQGDQGCCv3y+QuKjx6sQuw=="
    }
  }
}
